
Microsoft Visual Studio Solution File, Format Version 12.00
# Visual Studio 14
VisualStudioVersion = 14.0.25420.1
MinimumVisualStudioVersion = 10.0.40219.1
Project("{FAE04EC0-301F-11D3-BF4B-00C04F79EFBC}") = "ConvertToVBNET", "ConvertToVBNET\ConvertToVBNET.csproj", "{2927ED37-063E-4A37-952A-7FD849D7BFAF}"
EndProject
Project("{FAE04EC0-301F-11D3-BF4B-00C04F79EFBC}") = "ConvertToVBNET.Test", "ConvertToVBNET.Test\ConvertToVBNET.Test.csproj", "{733FDF82-EE06-4EAA-9D99-24A14E7F1A8C}"
EndProject
Global
	GlobalSection(SolutionConfigurationPlatforms) = preSolution
		Debug|Any CPU = Debug|Any CPU
		Release|Any CPU = Release|Any CPU
	EndGlobalSection
	GlobalSection(ProjectConfigurationPlatforms) = postSolution
		{2927ED37-063E-4A37-952A-7FD849D7BFAF}.Debug|Any CPU.ActiveCfg = Debug|Any CPU
		{2927ED37-063E-4A37-952A-7FD849D7BFAF}.Debug|Any CPU.Build.0 = Debug|Any CPU
		{2927ED37-063E-4A37-952A-7FD849D7BFAF}.Release|Any CPU.ActiveCfg = Release|Any CPU
		{2927ED37-063E-4A37-952A-7FD849D7BFAF}.Release|Any CPU.Build.0 = Release|Any CPU
		{733FDF82-EE06-4EAA-9D99-24A14E7F1A8C}.Debug|Any CPU.ActiveCfg = Debug|Any CPU
		{733FDF82-EE06-4EAA-9D99-24A14E7F1A8C}.Debug|Any CPU.Build.0 = Debug|Any CPU
		{733FDF82-EE06-4EAA-9D99-24A14E7F1A8C}.Release|Any CPU.ActiveCfg = Release|Any CPU
		{733FDF82-EE06-4EAA-9D99-24A14E7F1A8C}.Release|Any CPU.Build.0 = Release|Any CPU
	EndGlobalSection
	GlobalSection(SolutionProperties) = preSolution
		HideSolutionNode = FALSE
	EndGlobalSection
EndGlobal
